
Microsoft Visual Studio Solution File, Format Version 12.00
# Visual Studio Version 16
VisualStudioVersion = 16.0.31624.102
MinimumVisualStudioVersion = 10.0.40219.1
Project("{FAE04EC0-301F-11D3-BF4B-00C04F79EFBC}") = "NewApp1", "NewApp1\NewApp1.csproj", "{C8DBEA13-ACAB-4166-983C-680B3E5779D4}"
EndProject
Global
	GlobalSection(SolutionConfigurationPlatforms) = preSolution
		Debug|Any CPU = Debug|Any CPU
		Release|Any CPU = Release|Any CPU
	EndGlobalSection
	GlobalSection(ProjectConfigurationPlatforms) = postSolution
		{C8DBEA13-ACAB-4166-983C-680B3E5779D4}.Debug|Any CPU.ActiveCfg = Debug|Any CPU
		{C8DBEA13-ACAB-4166-983C-680B3E5779D4}.Debug|Any CPU.Build.0 = Debug|Any CPU
		{C8DBEA13-ACAB-4166-983C-680B3E5779D4}.Release|Any CPU.ActiveCfg = Release|Any CPU
		{C8DBEA13-ACAB-4166-983C-680B3E5779D4}.Release|Any CPU.Build.0 = Release|Any CPU
	EndGlobalSection
	GlobalSection(SolutionProperties) = preSolution
		HideSolutionNode = FALSE
	EndGlobalSection
	GlobalSection(ExtensibilityGlobals) = postSolution
		SolutionGuid = {2478640C-4861-4C21-BC84-78D3D297515D}
	EndGlobalSection
EndGlobal
